{
  "version": 4,
  "terraform_version": "1.5.7",
  "serial": 9,
  "lineage": "b1c99b4d-0dab-f0bc-3bd9-ba053dfaa8d8",
  "outputs": {
    "backend_url": {
      "value": "backend-affi-64376.azurewebsites.net",
      "type": "string"
    },
    "frontend_url": {
      "value": "frontend-affi-64376.azurewebsites.net",
      "type": "string"
    }
  },
  "resources": [
    {
      "mode": "managed",
      "type": "azurerm_linux_web_app",
      "name": "backend",
      "provider": "provider[\"registry.terraform.io/hashicorp/azurerm\"]",
      "instances": [
        {
          "schema_version": 1,
          "attributes": {
            "app_settings": null,
            "auth_settings": [],
            "auth_settings_v2": [],
            "backup": [],
            "client_affinity_enabled": false,
            "client_certificate_enabled": false,
            "client_certificate_exclusion_paths": "",
            "client_certificate_mode": "Required",
            "connection_string": [],
            "custom_domain_verification_id": "9E8DC5CB5987837840A8FDE23E0D3B95C99044D8A35A7D3E68BEDB0597D3B9D6",
            "default_hostname": "backend-affi-64376.azurewebsites.net",
            "enabled": true,
            "ftp_publish_basic_authentication_enabled": true,
            "hosting_environment_id": "",
            "https_only": false,
            "id": "/subscriptions/daac5032-7f93-4607-8a40-01e9734e4e4a/resourceGroups/monorepo-rg/providers/Microsoft.Web/sites/backend-affi-64376",
            "identity": [],
            "key_vault_reference_identity_id": "SystemAssigned",
            "kind": "app,linux",
            "location": "canadacentral",
            "logs": [],
            "name": "backend-affi-64376",
            "outbound_ip_address_list": [
              "4.174.177.60",
              "4.174.177.74",
              "4.174.177.84",
              "4.174.177.86",
              "4.174.177.94",
              "4.174.177.97",
              "4.174.176.213",
              "4.174.176.215",
              "4.174.176.226",
              "4.174.176.229",
              "4.174.176.230",
              "4.174.176.234",
              "20.48.204.0"
            ],
            "outbound_ip_addresses": "4.174.177.60,4.174.177.74,4.174.177.84,4.174.177.86,4.174.177.94,4.174.177.97,4.174.176.213,4.174.176.215,4.174.176.226,4.174.176.229,4.174.176.230,4.174.176.234,20.48.204.0",
            "possible_outbound_ip_address_list": [
              "4.174.177.60",
              "4.174.177.74",
              "4.174.177.84",
              "4.174.177.86",
              "4.174.177.94",
              "4.174.177.97",
              "4.174.176.213",
              "4.174.176.215",
              "4.174.176.226",
              "4.174.176.229",
              "4.174.176.230",
              "4.174.176.234",
              "4.174.176.239",
              "4.174.176.243",
              "4.174.177.14",
              "4.174.177.17",
              "4.174.177.23",
              "4.174.177.25",
              "4.174.177.33",
              "4.174.177.35",
              "4.174.177.37",
              "4.174.177.43",
              "4.174.176.121",
              "4.174.177.58",
              "4.174.177.110",
              "4.174.177.144",
              "4.174.177.150",
              "4.174.179.140",
              "4.174.179.143",
              "4.174.179.151",
              "20.48.204.0"
            ],
            "possible_outbound_ip_addresses": "4.174.177.60,4.174.177.74,4.174.177.84,4.174.177.86,4.174.177.94,4.174.177.97,4.174.176.213,4.174.176.215,4.174.176.226,4.174.176.229,4.174.176.230,4.174.176.234,4.174.176.239,4.174.176.243,4.174.177.14,4.174.177.17,4.174.177.23,4.174.177.25,4.174.177.33,4.174.177.35,4.174.177.37,4.174.177.43,4.174.176.121,4.174.177.58,4.174.177.110,4.174.177.144,4.174.177.150,4.174.179.140,4.174.179.143,4.174.179.151,20.48.204.0",
            "public_network_access_enabled": true,
            "resource_group_name": "monorepo-rg",
            "service_plan_id": "/subscriptions/daac5032-7f93-4607-8a40-01e9734e4e4a/resourceGroups/monorepo-rg/providers/Microsoft.Web/serverFarms/example-plan",
            "site_config": [
              {
                "always_on": true,
                "api_definition_url": "",
                "api_management_api_id": "",
                "app_command_line": "",
                "application_stack": [
                  {
                    "docker_image_name": "",
                    "docker_registry_password": "",
                    "docker_registry_url": "",
                    "docker_registry_username": "",
                    "dotnet_version": "",
                    "go_version": "",
                    "java_server": "",
                    "java_server_version": "",
                    "java_version": "",
                    "node_version": "20-lts",
                    "php_version": "",
                    "python_version": "",
                    "ruby_version": ""
                  }
                ],
                "auto_heal_setting": [],
                "container_registry_managed_identity_client_id": "",
                "container_registry_use_managed_identity": false,
                "cors": [],
                "default_documents": [
                  "Default.htm",
                  "Default.html",
                  "Default.asp",
                  "index.htm",
                  "index.html",
                  "iisstart.htm",
                  "default.aspx",
                  "index.php",
                  "hostingstart.html"
                ],
                "detailed_error_logging_enabled": false,
                "ftps_state": "Disabled",
                "health_check_eviction_time_in_min": 0,
                "health_check_path": "",
                "http2_enabled": false,
                "ip_restriction": [],
                "ip_restriction_default_action": "Allow",
                "linux_fx_version": "NODE|20-lts",
                "load_balancing_mode": "LeastRequests",
                "local_mysql_enabled": false,
                "managed_pipeline_mode": "Integrated",
                "minimum_tls_version": "1.2",
                "remote_debugging_enabled": false,
                "remote_debugging_version": "VS2022",
                "scm_ip_restriction": [],
                "scm_ip_restriction_default_action": "Allow",
                "scm_minimum_tls_version": "1.2",
                "scm_type": "None",
                "scm_use_main_ip_restriction": false,
                "use_32_bit_worker": true,
                "vnet_route_all_enabled": false,
                "websockets_enabled": false,
                "worker_count": 1
              }
            ],
            "site_credential": [
              {
                "name": "$backend-affi-64376",
                "password": "HguGNP5h1l4jkvoMoEfNivM5cE4mir7y7ibXfxFWjMMbkuXnL2hXqYH2ZSkL"
              }
            ],
            "sticky_settings": [],
            "storage_account": [],
            "tags": null,
            "timeouts": null,
            "virtual_network_backup_restore_enabled": false,
            "virtual_network_subnet_id": "",
            "vnet_image_pull_enabled": false,
            "webdeploy_publish_basic_authentication_enabled": true,
            "zip_deploy_file": ""
          },
          "sensitive_attributes": [],
          "private": "eyJlMmJmYjczMC1lY2FhLTExZTYtOGY4OC0zNDM2M2JjN2M0YzAiOnsiY3JlYXRlIjoxODAwMDAwMDAwMDAwLCJkZWxldGUiOjE4MDAwMDAwMDAwMDAsInJlYWQiOjMwMDAwMDAwMDAwMCwidXBkYXRlIjoxODAwMDAwMDAwMDAwfSwic2NoZW1hX3ZlcnNpb24iOiIxIn0=",
          "dependencies": [
            "azurerm_resource_group.rg",
            "azurerm_service_plan.plan",
            "random_integer.suffix"
          ]
        }
      ]
    },
    {
      "mode": "managed",
      "type": "azurerm_linux_web_app",
      "name": "frontend",
      "provider": "provider[\"registry.terraform.io/hashicorp/azurerm\"]",
      "instances": [
        {
          "schema_version": 1,
          "attributes": {
            "app_settings": null,
            "auth_settings": [],
            "auth_settings_v2": [],
            "backup": [],
            "client_affinity_enabled": false,
            "client_certificate_enabled": false,
            "client_certificate_exclusion_paths": "",
            "client_certificate_mode": "Required",
            "connection_string": [],
            "custom_domain_verification_id": "9E8DC5CB5987837840A8FDE23E0D3B95C99044D8A35A7D3E68BEDB0597D3B9D6",
            "default_hostname": "frontend-affi-64376.azurewebsites.net",
            "enabled": true,
            "ftp_publish_basic_authentication_enabled": true,
            "hosting_environment_id": "",
            "https_only": false,
            "id": "/subscriptions/daac5032-7f93-4607-8a40-01e9734e4e4a/resourceGroups/monorepo-rg/providers/Microsoft.Web/sites/frontend-affi-64376",
            "identity": [],
            "key_vault_reference_identity_id": "SystemAssigned",
            "kind": "app,linux",
            "location": "canadacentral",
            "logs": [],
            "name": "frontend-affi-64376",
            "outbound_ip_address_list": [
              "4.174.177.60",
              "4.174.177.74",
              "4.174.177.84",
              "4.174.177.86",
              "4.174.177.94",
              "4.174.177.97",
              "4.174.176.213",
              "4.174.176.215",
              "4.174.176.226",
              "4.174.176.229",
              "4.174.176.230",
              "4.174.176.234",
              "20.48.204.0"
            ],
            "outbound_ip_addresses": "4.174.177.60,4.174.177.74,4.174.177.84,4.174.177.86,4.174.177.94,4.174.177.97,4.174.176.213,4.174.176.215,4.174.176.226,4.174.176.229,4.174.176.230,4.174.176.234,20.48.204.0",
            "possible_outbound_ip_address_list": [
              "4.174.177.60",
              "4.174.177.74",
              "4.174.177.84",
              "4.174.177.86",
              "4.174.177.94",
              "4.174.177.97",
              "4.174.176.213",
              "4.174.176.215",
              "4.174.176.226",
              "4.174.176.229",
              "4.174.176.230",
              "4.174.176.234",
              "4.174.176.239",
              "4.174.176.243",
              "4.174.177.14",
              "4.174.177.17",
              "4.174.177.23",
              "4.174.177.25",
              "4.174.177.33",
              "4.174.177.35",
              "4.174.177.37",
              "4.174.177.43",
              "4.174.176.121",
              "4.174.177.58",
              "4.174.177.110",
              "4.174.177.144",
              "4.174.177.150",
              "4.174.179.140",
              "4.174.179.143",
              "4.174.179.151",
              "20.48.204.0"
            ],
            "possible_outbound_ip_addresses": "4.174.177.60,4.174.177.74,4.174.177.84,4.174.177.86,4.174.177.94,4.174.177.97,4.174.176.213,4.174.176.215,4.174.176.226,4.174.176.229,4.174.176.230,4.174.176.234,4.174.176.239,4.174.176.243,4.174.177.14,4.174.177.17,4.174.177.23,4.174.177.25,4.174.177.33,4.174.177.35,4.174.177.37,4.174.177.43,4.174.176.121,4.174.177.58,4.174.177.110,4.174.177.144,4.174.177.150,4.174.179.140,4.174.179.143,4.174.179.151,20.48.204.0",
            "public_network_access_enabled": true,
            "resource_group_name": "monorepo-rg",
            "service_plan_id": "/subscriptions/daac5032-7f93-4607-8a40-01e9734e4e4a/resourceGroups/monorepo-rg/providers/Microsoft.Web/serverFarms/example-plan",
            "site_config": [
              {
                "always_on": true,
                "api_definition_url": "",
                "api_management_api_id": "",
                "app_command_line": "",
                "application_stack": [
                  {
                    "docker_image_name": "",
                    "docker_registry_password": "",
                    "docker_registry_url": "",
                    "docker_registry_username": "",
                    "dotnet_version": "",
                    "go_version": "",
                    "java_server": "",
                    "java_server_version": "",
                    "java_version": "",
                    "node_version": "20-lts",
                    "php_version": "",
                    "python_version": "",
                    "ruby_version": ""
                  }
                ],
                "auto_heal_setting": [],
                "container_registry_managed_identity_client_id": "",
                "container_registry_use_managed_identity": false,
                "cors": [],
                "default_documents": [
                  "Default.htm",
                  "Default.html",
                  "Default.asp",
                  "index.htm",
                  "index.html",
                  "iisstart.htm",
                  "default.aspx",
                  "index.php",
                  "hostingstart.html"
                ],
                "detailed_error_logging_enabled": false,
                "ftps_state": "Disabled",
                "health_check_eviction_time_in_min": 0,
                "health_check_path": "",
                "http2_enabled": false,
                "ip_restriction": [],
                "ip_restriction_default_action": "Allow",
                "linux_fx_version": "NODE|20-lts",
                "load_balancing_mode": "LeastRequests",
                "local_mysql_enabled": false,
                "managed_pipeline_mode": "Integrated",
                "minimum_tls_version": "1.2",
                "remote_debugging_enabled": false,
                "remote_debugging_version": "VS2022",
                "scm_ip_restriction": [],
                "scm_ip_restriction_default_action": "Allow",
                "scm_minimum_tls_version": "1.2",
                "scm_type": "None",
                "scm_use_main_ip_restriction": false,
                "use_32_bit_worker": true,
                "vnet_route_all_enabled": false,
                "websockets_enabled": false,
                "worker_count": 1
              }
            ],
            "site_credential": [
              {
                "name": "$frontend-affi-64376",
                "password": "FHCRKhgvPhnR9KZQwfsd5JeKSagm6dyhijN5bdBF53XhMA7gx7ZzlwLi02hC"
              }
            ],
            "sticky_settings": [],
            "storage_account": [],
            "tags": null,
            "timeouts": null,
            "virtual_network_backup_restore_enabled": false,
            "virtual_network_subnet_id": "",
            "vnet_image_pull_enabled": false,
            "webdeploy_publish_basic_authentication_enabled": true,
            "zip_deploy_file": ""
          },
          "sensitive_attributes": [],
          "private": "eyJlMmJmYjczMC1lY2FhLTExZTYtOGY4OC0zNDM2M2JjN2M0YzAiOnsiY3JlYXRlIjoxODAwMDAwMDAwMDAwLCJkZWxldGUiOjE4MDAwMDAwMDAwMDAsInJlYWQiOjMwMDAwMDAwMDAwMCwidXBkYXRlIjoxODAwMDAwMDAwMDAwfSwic2NoZW1hX3ZlcnNpb24iOiIxIn0=",
          "dependencies": [
            "azurerm_resource_group.rg",
            "azurerm_service_plan.plan",
            "random_integer.suffix"
          ]
        }
      ]
    },
    {
      "mode": "managed",
      "type": "azurerm_resource_group",
      "name": "rg",
      "provider": "provider[\"registry.terraform.io/hashicorp/azurerm\"]",
      "instances": [
        {
          "schema_version": 0,
          "attributes": {
            "id": "/subscriptions/daac5032-7f93-4607-8a40-01e9734e4e4a/resourceGroups/monorepo-rg",
            "location": "canadacentral",
            "managed_by": "",
            "name": "monorepo-rg",
            "tags": {},
            "timeouts": null
          },
          "sensitive_attributes": [],
          "private": "eyJlMmJmYjczMC1lY2FhLTExZTYtOGY4OC0zNDM2M2JjN2M0YzAiOnsiY3JlYXRlIjo1NDAwMDAwMDAwMDAwLCJkZWxldGUiOjU0MDAwMDAwMDAwMDAsInJlYWQiOjMwMDAwMDAwMDAwMCwidXBkYXRlIjo1NDAwMDAwMDAwMDAwfX0="
        }
      ]
    },
    {
      "mode": "managed",
      "type": "azurerm_service_plan",
      "name": "plan",
      "provider": "provider[\"registry.terraform.io/hashicorp/azurerm\"]",
      "instances": [
        {
          "schema_version": 1,
          "attributes": {
            "app_service_environment_id": "",
            "id": "/subscriptions/daac5032-7f93-4607-8a40-01e9734e4e4a/resourceGroups/monorepo-rg/providers/Microsoft.Web/serverFarms/example-plan",
            "kind": "linux",
            "location": "canadacentral",
            "maximum_elastic_worker_count": 1,
            "name": "example-plan",
            "os_type": "Linux",
            "per_site_scaling_enabled": false,
            "premium_plan_auto_scale_enabled": false,
            "reserved": true,
            "resource_group_name": "monorepo-rg",
            "sku_name": "B1",
            "tags": {},
            "timeouts": null,
            "worker_count": 1,
            "zone_balancing_enabled": false
          },
          "sensitive_attributes": [],
          "private": "eyJlMmJmYjczMC1lY2FhLTExZTYtOGY4OC0zNDM2M2JjN2M0YzAiOnsiY3JlYXRlIjozNjAwMDAwMDAwMDAwLCJkZWxldGUiOjM2MDAwMDAwMDAwMDAsInJlYWQiOjMwMDAwMDAwMDAwMCwidXBkYXRlIjozNjAwMDAwMDAwMDAwfSwic2NoZW1hX3ZlcnNpb24iOiIxIn0=",
          "dependencies": [
            "azurerm_resource_group.rg"
          ]
        }
      ]
    },
    {
      "mode": "managed",
      "type": "random_integer",
      "name": "suffix",
      "provider": "provider[\"registry.terraform.io/hashicorp/random\"]",
      "instances": [
        {
          "schema_version": 0,
          "attributes": {
            "id": "64376",
            "keepers": null,
            "max": 99999,
            "min": 10000,
            "result": 64376,
            "seed": null
          },
          "sensitive_attributes": []
        }
      ]
    }
  ],
  "check_results": null
}
